
Microsoft Visual Studio Solution File, Format Version 12.00
# Visual Studio Version 17
VisualStudioVersion = 17.9.34728.123
MinimumVisualStudioVersion = 10.0.40219.1
Project("{FAE04EC0-301F-11D3-BF4B-00C04F79EFBC}") = "takmicenje2023 zadatak3", "takmicenje2023 zadatak3\takmicenje2023 zadatak3.csproj", "{FA1DEB4F-8155-46F5-B60C-9913787694D1}"
EndProject
Global
	GlobalSection(SolutionConfigurationPlatforms) = preSolution
		Debug|Any CPU = Debug|Any CPU
		Release|Any CPU = Release|Any CPU
	EndGlobalSection
	GlobalSection(ProjectConfigurationPlatforms) = postSolution
		{FA1DEB4F-8155-46F5-B60C-9913787694D1}.Debug|Any CPU.ActiveCfg = Debug|Any CPU
		{FA1DEB4F-8155-46F5-B60C-9913787694D1}.Debug|Any CPU.Build.0 = Debug|Any CPU
		{FA1DEB4F-8155-46F5-B60C-9913787694D1}.Release|Any CPU.ActiveCfg = Release|Any CPU
		{FA1DEB4F-8155-46F5-B60C-9913787694D1}.Release|Any CPU.Build.0 = Release|Any CPU
	EndGlobalSection
	GlobalSection(SolutionProperties) = preSolution
		HideSolutionNode = FALSE
	EndGlobalSection
	GlobalSection(ExtensibilityGlobals) = postSolution
		SolutionGuid = {6A85D852-FB44-40AD-8A68-5051E2901768}
	EndGlobalSection
EndGlobal
